
Microsoft Visual Studio Solution File, Format Version 12.00
# Visual Studio Version 17
VisualStudioVersion = 17.8.34408.163
MinimumVisualStudioVersion = 10.0.40219.1
Project("{9A19103F-16F7-4668-BE54-9A1E7A4F7556}") = "NZWalks.API", "NZWalks.API.csproj", "{DAB5C5E1-B958-43C3-A07E-31D6959CB4FF}"
EndProject
Project("{FAE04EC0-301F-11D3-BF4B-00C04F79EFBC}") = "NZWalks.UI", "..\NZWalks.UI\NZWalks.UI.csproj", "{57BAE45B-3FF4-4DD7-BF26-5C12439CD5D6}"
EndProject
Global
	GlobalSection(SolutionConfigurationPlatforms) = preSolution
		Debug|Any CPU = Debug|Any CPU
		Release|Any CPU = Release|Any CPU
	EndGlobalSection
	GlobalSection(ProjectConfigurationPlatforms) = postSolution
		{DAB5C5E1-B958-43C3-A07E-31D6959CB4FF}.Debug|Any CPU.ActiveCfg = Debug|Any CPU
		{DAB5C5E1-B958-43C3-A07E-31D6959CB4FF}.Debug|Any CPU.Build.0 = Debug|Any CPU
		{DAB5C5E1-B958-43C3-A07E-31D6959CB4FF}.Release|Any CPU.ActiveCfg = Release|Any CPU
		{DAB5C5E1-B958-43C3-A07E-31D6959CB4FF}.Release|Any CPU.Build.0 = Release|Any CPU
		{57BAE45B-3FF4-4DD7-BF26-5C12439CD5D6}.Debug|Any CPU.ActiveCfg = Debug|Any CPU
		{57BAE45B-3FF4-4DD7-BF26-5C12439CD5D6}.Debug|Any CPU.Build.0 = Debug|Any CPU
		{57BAE45B-3FF4-4DD7-BF26-5C12439CD5D6}.Release|Any CPU.ActiveCfg = Release|Any CPU
		{57BAE45B-3FF4-4DD7-BF26-5C12439CD5D6}.Release|Any CPU.Build.0 = Release|Any CPU
	EndGlobalSection
	GlobalSection(SolutionProperties) = preSolution
		HideSolutionNode = FALSE
	EndGlobalSection
	GlobalSection(ExtensibilityGlobals) = postSolution
		SolutionGuid = {F9D9F294-FF4D-4396-BED3-2A8793BC74D5}
	EndGlobalSection
EndGlobal
